version = 1
revision = 2
requires-python = ">=3.12"

[[package]]
name = "pymupdf"
version = "1.24.2"
source = { registry = "https://pypi.org/simple" }
dependencies = [
    { name = "pymupdfb" },
]
sdist = { url = "https://files.pythonhosted.org/packages/c2/4e/0897c7840e41b19df0c135466e10e690a66f43022e9817f164691738fb21/PyMuPDF-1.24.2.tar.gz", hash = "sha256:cdaca48b7677a0c1dc827413b90c8fe4517f789f74c6ac0fb47f6051368246bb", size = 22446705, upload-time = "2024-04-17T20:16:26.199Z" }
wheels = [
    { url = "https://files.pythonhosted.org/packages/93/10/9616e5cc36c1988f17cec7e2795864daf642e2c9805fd44cff679b8f8756/PyMuPDF-1.24.2-cp312-none-macosx_10_9_x86_64.whl", hash = "sha256:6a3c1f2e99a4ca43c97b1f43fdd1aed739910e25ee5bd7fe73cd4eaf59841ae3", size = 3205352, upload-time = "2024-04-17T20:15:52.841Z" },
    { url = "https://files.pythonhosted.org/packages/f2/64/a73e1b6d1a4e8bb7be27d1c1dc7cbff7727ff2a982384fa04e9808cff7e9/PyMuPDF-1.24.2-cp312-none-macosx_11_0_arm64.whl", hash = "sha256:3effff62943ceebbbe32a08ce4aa9c8ed4fa18fd8a462cf6130c78818c47822d", size = 2967655, upload-time = "2024-04-17T20:15:56.49Z" },
    { url = "https://files.pythonhosted.org/packages/39/db/a207282b8ef89155bf6fe49392c50e760b138c16e6a2a48f57bbca8359c1/PyMuPDF-1.24.2-cp312-none-manylinux2014_aarch64.whl", hash = "sha256:f3964783bf81f2ec94db4f9fa536052be3b7457824c9e9d21edb91f3a489a377", size = 3201194, upload-time = "2024-04-18T10:56:24.392Z" },
    { url = "https://files.pythonhosted.org/packages/29/a7/257b5aa9f7ad65c9088df7ab6532d9478df27fd237181b59045d3ffea20d/PyMuPDF-1.24.2-cp312-none-manylinux2014_x86_64.whl", hash = "sha256:04af266755d4c250b46a3311062aec36ea94cecc4470a53ab79d9de56e5a753d", size = 3473435, upload-time = "2024-04-17T20:16:00.335Z" },
    { url = "https://files.pythonhosted.org/packages/30/ce/c2f3772d6fe2c0604f7a82611c9a627ff3c3924e9e86413b8e460a9b8676/PyMuPDF-1.24.2-cp312-none-win32.whl", hash = "sha256:3bd7bdda4c4e4f98989ce84a7b2c08033639a8be1b46fb064fdd65b20a7e7d03", size = 2677470, upload-time = "2024-04-17T20:16:07.625Z" },
    { url = "https://files.pythonhosted.org/packages/36/f0/9f6182117d1b7d9b9f50e463de765884a6f2f93173ccb319f6c73f37a425/PyMuPDF-1.24.2-cp312-none-win_amd64.whl", hash = "sha256:ec2544f35088b29730210decfb0bdb750e0c3d2652ee470897f6d2e4a6dc1950", size = 3209623, upload-time = "2024-04-17T20:16:04.501Z" },
]

[[package]]
name = "pymupdfb"
version = "1.24.1"
source = { registry = "https://pypi.org/simple" }
wheels = [
    { url = "https://files.pythonhosted.org/packages/b7/47/eb39fe46b89a998fa1decb4e90c08d3ddb05b7905bc85dfc454b37ad578c/PyMuPDFb-1.24.1-py3-none-macosx_10_9_x86_64.whl", hash = "sha256:37179e363bf69ce9be637937c5469957b96968341dabe3ce8f4b690a82e9ad92", size = 30266120, upload-time = "2024-04-02T16:54:32.113Z" },
    { url = "https://files.pythonhosted.org/packages/bc/56/f3bf6af49c03833bfae026feaf6980759df48bee5e0ca653ee3c591df81a/PyMuPDFb-1.24.1-py3-none-macosx_11_0_arm64.whl", hash = "sha256:17444ea7d6897c27759880ad76af537d19779f901de82ae9548598a70f614558", size = 29503391, upload-time = "2024-04-02T16:55:53.738Z" },
    { url = "https://files.pythonhosted.org/packages/3a/57/75aaeb94d1b00ff3a2aee14deff6eb0ac7da082b75b4504749b4677909d1/PyMuPDFb-1.24.1-py3-none-manylinux2014_aarch64.manylinux_2_17_aarch64.whl", hash = "sha256:490f7fff4dbe362bc895cefdfc5030d712311d024d357a1388d64816eb215d34", size = 30417092, upload-time = "2024-04-03T08:15:39.412Z" },
    { url = "https://files.pythonhosted.org/packages/b2/ac/c5560c6cfbb251df1a884d18ea945c6173ee5b501914877574f365cb9c34/PyMuPDFb-1.24.1-py3-none-manylinux2014_x86_64.manylinux_2_17_x86_64.whl", hash = "sha256:0fbcc0d2a9ce79fa38eb4e8bb5c959b582f7a49938874e9f61d1a6f5eeb1e4b8", size = 30843167, upload-time = "2024-04-02T16:57:45.317Z" },
    { url = "https://files.pythonhosted.org/packages/2d/05/d7897ef1d0ccfa33b059e140306c13169543baed0fc7e448c79a9ecfff5a/PyMuPDFb-1.24.1-py3-none-win32.whl", hash = "sha256:ae67736058882cdd9459810a4aae9ac2b2e89ac2e916cb5fefb0f651c9739e9e", size = 22006845, upload-time = "2024-04-02T16:58:25.042Z" },
    { url = "https://files.pythonhosted.org/packages/7e/e9/d7eb31501a28dd4579b912847187f49bfdeaf18e2d408aa3b2401606c45c/PyMuPDFb-1.24.1-py3-none-win_amd64.whl", hash = "sha256:01c8b7f0ce9166310eb28c7aebcb8d5fe12a4bc082f9b00d580095eebeaf0af5", size = 24891412, upload-time = "2024-04-02T16:56:44.161Z" },
]

[[package]]
name = "tubes3-lo-siento"
version = "0.1.0"
source = { virtual = "." }
dependencies = [
    { name = "pymupdf" },
]

[package.metadata]
requires-dist = [{ name = "pymupdf", specifier = "==1.24.2" }]
