version = 1
revision = 2
requires-python = ">=3.12"

[[package]]
name = "mysql-connector-python"
version = "9.3.0"
source = { registry = "https://pypi.org/simple" }
sdist = { url = "https://files.pythonhosted.org/packages/82/5e/55b265cb95938e271208e5692d7e615c53f2aeea894ab72a9f14ab198e9a/mysql-connector-python-9.3.0.tar.gz", hash = "sha256:8b16d51447e3603f18478fb5a19b333bfb73fb58f872eb055a105635f53d2345", size = 942579, upload-time = "2025-05-07T18:50:34.339Z" }
wheels = [
    { url = "https://files.pythonhosted.org/packages/bf/73/b42061ea4c0500edad4f92834ed7d75b1a740d11970e531c5be4dc1af5cd/mysql_connector_python-9.3.0-cp312-cp312-macosx_14_0_arm64.whl", hash = "sha256:2589af070babdff9c920ee37f929218d80afa704f4e2a99f1ddcb13d19de4450", size = 15151288, upload-time = "2025-04-15T18:43:17.762Z" },
    { url = "https://files.pythonhosted.org/packages/27/87/9cd7e803c762c5098683c83837d2258c2f83cf82d33fabd1d0eaadae06ee/mysql_connector_python-9.3.0-cp312-cp312-macosx_14_0_x86_64.whl", hash = "sha256:1916256ecd039f4673715550d28138416bac5962335e06d36f7434c47feb5232", size = 15967397, upload-time = "2025-04-15T18:43:20.799Z" },
    { url = "https://files.pythonhosted.org/packages/5a/5d/cd63f31bf5d0536ee1e4216fb2f3f57175ca1e0dd37e1e8139083d2156e8/mysql_connector_python-9.3.0-cp312-cp312-manylinux_2_28_aarch64.whl", hash = "sha256:d33e2f88e1d4b15844cfed2bb6e90612525ba2c1af2fb10b4a25b2c89a1fe49a", size = 33457025, upload-time = "2025-04-15T18:43:24.09Z" },
    { url = "https://files.pythonhosted.org/packages/76/65/9609a96edc0d015d1017176974c42b955cf87ba92cd31765f99cba835715/mysql_connector_python-9.3.0-cp312-cp312-manylinux_2_28_x86_64.whl", hash = "sha256:0aedee809e1f8dbab6b2732f51ee1619b54a56d15b9070655bc31fb822c1a015", size = 33853427, upload-time = "2025-04-15T18:43:28.441Z" },
    { url = "https://files.pythonhosted.org/packages/c2/da/f81eeb5b63dea3ebe035fbbbdc036ae517155ad73f2e9640ee7c9eace09d/mysql_connector_python-9.3.0-cp312-cp312-win_amd64.whl", hash = "sha256:3853799f4b719357ea25eba05f5f278a158a85a5c8209b3d058947a948bc9262", size = 16358560, upload-time = "2025-04-15T18:43:32.281Z" },
    { url = "https://files.pythonhosted.org/packages/6a/16/5762061505a0d0d3a333613b6f5d7b8eb3222a689aa32f71ed15f1532ad1/mysql_connector_python-9.3.0-cp313-cp313-macosx_14_0_arm64.whl", hash = "sha256:9516a4cdbaee3c9200f0e7d9aafb31057692f45c202cdcb43a3f9b37c94e7c84", size = 15151425, upload-time = "2025-04-15T18:43:35.573Z" },
    { url = "https://files.pythonhosted.org/packages/db/40/22de86e966e648ea0e3e438ad523c86d0cf4866b3841e248726fb4afded8/mysql_connector_python-9.3.0-cp313-cp313-macosx_14_0_x86_64.whl", hash = "sha256:495798dd34445d749991fb3a2aa87b4205100676939556d8d4aab5d5558e7a1f", size = 15967663, upload-time = "2025-04-15T18:43:38.248Z" },
    { url = "https://files.pythonhosted.org/packages/4c/19/36983937347b6a58af546950c88a9403cdce944893850e80ffb7f602a099/mysql_connector_python-9.3.0-cp313-cp313-manylinux_2_28_aarch64.whl", hash = "sha256:be0ef15f6023ae2037347498f005a4471f694f8a6b8384c3194895e153120286", size = 33457288, upload-time = "2025-04-15T18:43:41.901Z" },
    { url = "https://files.pythonhosted.org/packages/18/12/7ccbc678a130df0f751596b37eddb98b2e40930d0ebc9ee41965ffbf0b92/mysql_connector_python-9.3.0-cp313-cp313-manylinux_2_28_x86_64.whl", hash = "sha256:4364d3a37c449f1c0bb9e52fd4eddc620126b9897b6b9f2fd1b3f33dacc16356", size = 33853838, upload-time = "2025-04-15T18:43:45.505Z" },
    { url = "https://files.pythonhosted.org/packages/c2/5e/c361caa024ce14ffc1f5b153d90f0febf5e9483a60c4b5c84e1e012363cc/mysql_connector_python-9.3.0-cp313-cp313-win_amd64.whl", hash = "sha256:2a5de57814217077a8672063167b616b1034a37b614b93abcb602cc0b8c6fade", size = 16358561, upload-time = "2025-04-15T18:43:49.176Z" },
    { url = "https://files.pythonhosted.org/packages/23/1d/8c2c6672094b538f4881f7714e5332fdcddd05a7e196cbc9eb4a9b5e9a45/mysql_connector_python-9.3.0-py2.py3-none-any.whl", hash = "sha256:8ab7719d614cf5463521082fab86afc21ada504b538166090e00eeaa1ff729bc", size = 399302, upload-time = "2025-04-15T18:44:10.046Z" },
]

[[package]]
name = "pymupdf"
version = "1.24.2"
source = { registry = "https://pypi.org/simple" }
dependencies = [
    { name = "pymupdfb" },
]
sdist = { url = "https://files.pythonhosted.org/packages/c2/4e/0897c7840e41b19df0c135466e10e690a66f43022e9817f164691738fb21/PyMuPDF-1.24.2.tar.gz", hash = "sha256:cdaca48b7677a0c1dc827413b90c8fe4517f789f74c6ac0fb47f6051368246bb", size = 22446705, upload-time = "2024-04-17T20:16:26.199Z" }
wheels = [
    { url = "https://files.pythonhosted.org/packages/93/10/9616e5cc36c1988f17cec7e2795864daf642e2c9805fd44cff679b8f8756/PyMuPDF-1.24.2-cp312-none-macosx_10_9_x86_64.whl", hash = "sha256:6a3c1f2e99a4ca43c97b1f43fdd1aed739910e25ee5bd7fe73cd4eaf59841ae3", size = 3205352, upload-time = "2024-04-17T20:15:52.841Z" },
    { url = "https://files.pythonhosted.org/packages/f2/64/a73e1b6d1a4e8bb7be27d1c1dc7cbff7727ff2a982384fa04e9808cff7e9/PyMuPDF-1.24.2-cp312-none-macosx_11_0_arm64.whl", hash = "sha256:3effff62943ceebbbe32a08ce4aa9c8ed4fa18fd8a462cf6130c78818c47822d", size = 2967655, upload-time = "2024-04-17T20:15:56.49Z" },
    { url = "https://files.pythonhosted.org/packages/39/db/a207282b8ef89155bf6fe49392c50e760b138c16e6a2a48f57bbca8359c1/PyMuPDF-1.24.2-cp312-none-manylinux2014_aarch64.whl", hash = "sha256:f3964783bf81f2ec94db4f9fa536052be3b7457824c9e9d21edb91f3a489a377", size = 3201194, upload-time = "2024-04-18T10:56:24.392Z" },
    { url = "https://files.pythonhosted.org/packages/29/a7/257b5aa9f7ad65c9088df7ab6532d9478df27fd237181b59045d3ffea20d/PyMuPDF-1.24.2-cp312-none-manylinux2014_x86_64.whl", hash = "sha256:04af266755d4c250b46a3311062aec36ea94cecc4470a53ab79d9de56e5a753d", size = 3473435, upload-time = "2024-04-17T20:16:00.335Z" },
    { url = "https://files.pythonhosted.org/packages/30/ce/c2f3772d6fe2c0604f7a82611c9a627ff3c3924e9e86413b8e460a9b8676/PyMuPDF-1.24.2-cp312-none-win32.whl", hash = "sha256:3bd7bdda4c4e4f98989ce84a7b2c08033639a8be1b46fb064fdd65b20a7e7d03", size = 2677470, upload-time = "2024-04-17T20:16:07.625Z" },
    { url = "https://files.pythonhosted.org/packages/36/f0/9f6182117d1b7d9b9f50e463de765884a6f2f93173ccb319f6c73f37a425/PyMuPDF-1.24.2-cp312-none-win_amd64.whl", hash = "sha256:ec2544f35088b29730210decfb0bdb750e0c3d2652ee470897f6d2e4a6dc1950", size = 3209623, upload-time = "2024-04-17T20:16:04.501Z" },
]

[[package]]
name = "pymupdfb"
version = "1.24.1"
source = { registry = "https://pypi.org/simple" }
wheels = [
    { url = "https://files.pythonhosted.org/packages/b7/47/eb39fe46b89a998fa1decb4e90c08d3ddb05b7905bc85dfc454b37ad578c/PyMuPDFb-1.24.1-py3-none-macosx_10_9_x86_64.whl", hash = "sha256:37179e363bf69ce9be637937c5469957b96968341dabe3ce8f4b690a82e9ad92", size = 30266120, upload-time = "2024-04-02T16:54:32.113Z" },
    { url = "https://files.pythonhosted.org/packages/bc/56/f3bf6af49c03833bfae026feaf6980759df48bee5e0ca653ee3c591df81a/PyMuPDFb-1.24.1-py3-none-macosx_11_0_arm64.whl", hash = "sha256:17444ea7d6897c27759880ad76af537d19779f901de82ae9548598a70f614558", size = 29503391, upload-time = "2024-04-02T16:55:53.738Z" },
    { url = "https://files.pythonhosted.org/packages/3a/57/75aaeb94d1b00ff3a2aee14deff6eb0ac7da082b75b4504749b4677909d1/PyMuPDFb-1.24.1-py3-none-manylinux2014_aarch64.manylinux_2_17_aarch64.whl", hash = "sha256:490f7fff4dbe362bc895cefdfc5030d712311d024d357a1388d64816eb215d34", size = 30417092, upload-time = "2024-04-03T08:15:39.412Z" },
    { url = "https://files.pythonhosted.org/packages/b2/ac/c5560c6cfbb251df1a884d18ea945c6173ee5b501914877574f365cb9c34/PyMuPDFb-1.24.1-py3-none-manylinux2014_x86_64.manylinux_2_17_x86_64.whl", hash = "sha256:0fbcc0d2a9ce79fa38eb4e8bb5c959b582f7a49938874e9f61d1a6f5eeb1e4b8", size = 30843167, upload-time = "2024-04-02T16:57:45.317Z" },
    { url = "https://files.pythonhosted.org/packages/2d/05/d7897ef1d0ccfa33b059e140306c13169543baed0fc7e448c79a9ecfff5a/PyMuPDFb-1.24.1-py3-none-win32.whl", hash = "sha256:ae67736058882cdd9459810a4aae9ac2b2e89ac2e916cb5fefb0f651c9739e9e", size = 22006845, upload-time = "2024-04-02T16:58:25.042Z" },
    { url = "https://files.pythonhosted.org/packages/7e/e9/d7eb31501a28dd4579b912847187f49bfdeaf18e2d408aa3b2401606c45c/PyMuPDFb-1.24.1-py3-none-win_amd64.whl", hash = "sha256:01c8b7f0ce9166310eb28c7aebcb8d5fe12a4bc082f9b00d580095eebeaf0af5", size = 24891412, upload-time = "2024-04-02T16:56:44.161Z" },
]

[[package]]
name = "pyqt6"
version = "6.9.0"
source = { registry = "https://pypi.org/simple" }
dependencies = [
    { name = "pyqt6-qt6" },
    { name = "pyqt6-sip" },
]
sdist = { url = "https://files.pythonhosted.org/packages/32/de/102e8e66149085acf38bbf01df572a2cd53259bcd99b7d8ecef0d6b36172/pyqt6-6.9.0.tar.gz", hash = "sha256:6a8ff8e3cd18311bb7d937f7d741e787040ae7ff47ce751c28a94c5cddc1b4e6", size = 1066831, upload-time = "2025-04-08T09:00:46.745Z" }
wheels = [
    { url = "https://files.pythonhosted.org/packages/97/e5/f9e2b5326d6103bce4894a969be54ce3be4b0a7a6ff848228e6a61a9993f/PyQt6-6.9.0-cp39-abi3-macosx_10_14_universal2.whl", hash = "sha256:5344240747e81bde1a4e0e98d4e6e2d96ad56a985d8f36b69cd529c1ca9ff760", size = 12257215, upload-time = "2025-04-08T09:00:37.177Z" },
    { url = "https://files.pythonhosted.org/packages/ed/3a/bcc7687c5a11079bbd1606a015514562f2ac8cb01c5e3e4a3b30fcbdad36/PyQt6-6.9.0-cp39-abi3-manylinux_2_28_x86_64.whl", hash = "sha256:e344868228c71fc89a0edeb325497df4ff731a89cfa5fe57a9a4e9baecc9512b", size = 8259731, upload-time = "2025-04-08T09:00:40.082Z" },
    { url = "https://files.pythonhosted.org/packages/e1/47/13ab0b916b5bad07ab04767b412043f5c1ca206bf38a906b1d8d5c520a98/PyQt6-6.9.0-cp39-abi3-manylinux_2_39_aarch64.whl", hash = "sha256:1cbc5a282454cf19691be09eadbde019783f1ae0523e269b211b0173b67373f6", size = 8207593, upload-time = "2025-04-08T09:00:42.167Z" },
    { url = "https://files.pythonhosted.org/packages/d1/a8/955cfd880f2725a218ee7b272c005658e857e9224823d49c32c93517f6d9/PyQt6-6.9.0-cp39-abi3-win_amd64.whl", hash = "sha256:d36482000f0cd7ce84a35863766f88a5e671233d5f1024656b600cd8915b3752", size = 6748279, upload-time = "2025-04-08T09:00:43.762Z" },
    { url = "https://files.pythonhosted.org/packages/9f/38/586ce139b1673a27607f7b85c594878e1bba215abdca3de67732b463f7b2/PyQt6-6.9.0-cp39-abi3-win_arm64.whl", hash = "sha256:0c8b7251608e05b479cfe731f95857e853067459f7cbbcfe90f89de1bcf04280", size = 5478122, upload-time = "2025-04-08T09:00:45.296Z" },
]

[[package]]
name = "pyqt6-qt6"
version = "6.9.0"
source = { registry = "https://pypi.org/simple" }
wheels = [
    { url = "https://files.pythonhosted.org/packages/e2/11/8c450442bf4702ed810689a045f9c5d9236d709163886f09374fd8d84143/PyQt6_Qt6-6.9.0-py3-none-macosx_10_14_x86_64.whl", hash = "sha256:b1c4e4a78f0f22fbf88556e3d07c99e5ce93032feae5c1e575958d914612e0f9", size = 66804297, upload-time = "2025-04-08T08:51:42.258Z" },
    { url = "https://files.pythonhosted.org/packages/6e/be/191ba4402c24646f6b98c326ff0ee22e820096c69e67ba5860a687057616/PyQt6_Qt6-6.9.0-py3-none-macosx_11_0_arm64.whl", hash = "sha256:6d3875119dec6bf5f799facea362aa0ad39bb23aa9654112faa92477abccb5ff", size = 60943708, upload-time = "2025-04-08T08:51:48.156Z" },
    { url = "https://files.pythonhosted.org/packages/0f/70/ec018b6e979b3914c984e5ab7e130918930d5423735ac96c70c328227b9b/PyQt6_Qt6-6.9.0-py3-none-manylinux_2_28_x86_64.whl", hash = "sha256:9c0e603c934e4f130c110190fbf2c482ff1221a58317266570678bc02db6b152", size = 81846956, upload-time = "2025-04-08T08:51:54.582Z" },
    { url = "https://files.pythonhosted.org/packages/ac/ed/2d78cd08be415a21dac2e7277967b90b0c05afc4782100f0a037447bb1c6/PyQt6_Qt6-6.9.0-py3-none-manylinux_2_39_aarch64.whl", hash = "sha256:cf840e8ae20a0704e0343810cf0e485552db28bf09ea976e58ec0e9b7bb27fcd", size = 80295982, upload-time = "2025-04-08T08:52:00.741Z" },
    { url = "https://files.pythonhosted.org/packages/6e/24/6b6168a75c7b6a55b9f6b5c897e6164ec15e94594af11a6f358c49845442/PyQt6_Qt6-6.9.0-py3-none-win_amd64.whl", hash = "sha256:c825a6f5a9875ef04ef6681eda16aa3a9e9ad71847aa78dfafcf388c8007aa0a", size = 73652485, upload-time = "2025-04-08T08:52:07.306Z" },
    { url = "https://files.pythonhosted.org/packages/44/fd/1238931df039e46e128d53974c0cfc9d34da3d54c5662bd589fe7b0a67c2/PyQt6_Qt6-6.9.0-py3-none-win_arm64.whl", hash = "sha256:1188f118d1c570d27fba39707e3d8a48525f979816e73de0da55b9e6fa9ad0a1", size = 49568913, upload-time = "2025-04-08T08:52:12.587Z" },
]

[[package]]
name = "pyqt6-sip"
version = "13.10.2"
source = { registry = "https://pypi.org/simple" }
sdist = { url = "https://files.pythonhosted.org/packages/2f/4a/96daf6c2e4f689faae9bd8cebb52754e76522c58a6af9b5ec86a2e8ec8b4/pyqt6_sip-13.10.2.tar.gz", hash = "sha256:464ad156bf526500ce6bd05cac7a82280af6309974d816739b4a9a627156fafe", size = 92548, upload-time = "2025-05-23T12:26:49.901Z" }
wheels = [
    { url = "https://files.pythonhosted.org/packages/22/5b/1240017e0d59575289ba52b58fd7f95e7ddf0ed2ede95f3f7e2dc845d337/pyqt6_sip-13.10.2-cp312-cp312-macosx_10_9_universal2.whl", hash = "sha256:83e6a56d3e715f748557460600ec342cbd77af89ec89c4f2a68b185fa14ea46c", size = 112199, upload-time = "2025-05-23T12:26:32.503Z" },
    { url = "https://files.pythonhosted.org/packages/51/11/1fc3bae02a12a3ac8354aa579b56206286e8b5ca9586677b1058c81c2f74/pyqt6_sip-13.10.2-cp312-cp312-manylinux_2_17_aarch64.manylinux2014_aarch64.whl", hash = "sha256:4ccf197f8fa410e076936bee28ad9abadb450931d5be5625446fd20e0d8b27a6", size = 322757, upload-time = "2025-05-23T12:26:33.752Z" },
    { url = "https://files.pythonhosted.org/packages/21/40/de9491213f480a27199690616959a17a0f234962b86aa1dd4ca2584e922d/pyqt6_sip-13.10.2-cp312-cp312-manylinux_2_5_x86_64.manylinux1_x86_64.whl", hash = "sha256:37af463dcce39285e686d49523d376994d8a2508b9acccb7616c4b117c9c4ed7", size = 304251, upload-time = "2025-05-23T12:26:35.66Z" },
    { url = "https://files.pythonhosted.org/packages/02/21/cc80e03f1052408c62c341e9fe9b81454c94184f4bd8a95d29d2ec86df92/pyqt6_sip-13.10.2-cp312-cp312-win_amd64.whl", hash = "sha256:c7b34a495b92790c70eae690d9e816b53d3b625b45eeed6ae2c0fe24075a237e", size = 53519, upload-time = "2025-05-23T12:26:36.797Z" },
    { url = "https://files.pythonhosted.org/packages/77/cf/53bd0863252b260a502659cb3124d9c9fe38047df9360e529b437b4ac890/pyqt6_sip-13.10.2-cp312-cp312-win_arm64.whl", hash = "sha256:c80cc059d772c632f5319632f183e7578cd0976b9498682833035b18a3483e92", size = 45349, upload-time = "2025-05-23T12:26:37.729Z" },
    { url = "https://files.pythonhosted.org/packages/a1/1e/979ea64c98ca26979d8ce11e9a36579e17d22a71f51d7366d6eec3c82c13/pyqt6_sip-13.10.2-cp313-cp313-macosx_10_13_universal2.whl", hash = "sha256:8b5d06a0eac36038fa8734657d99b5fe92263ae7a0cd0a67be6acfe220a063e1", size = 112227, upload-time = "2025-05-23T12:26:38.758Z" },
    { url = "https://files.pythonhosted.org/packages/d9/21/84c230048e3bfef4a9209d16e56dcd2ae10590d03a31556ae8b5f1dcc724/pyqt6_sip-13.10.2-cp313-cp313-manylinux_2_17_aarch64.manylinux2014_aarch64.whl", hash = "sha256:ad376a6078da37b049fdf9d6637d71b52727e65c4496a80b753ddc8d27526aca", size = 322920, upload-time = "2025-05-23T12:26:39.856Z" },
    { url = "https://files.pythonhosted.org/packages/b0/1e/c6a28a142f14e735088534cc92951c3f48cccd77cdd4f3b10d7996be420f/pyqt6_sip-13.10.2-cp313-cp313-manylinux_2_5_x86_64.manylinux1_x86_64.whl", hash = "sha256:3dde8024d055f496eba7d44061c5a1ba4eb72fc95e5a9d7a0dbc908317e0888b", size = 303833, upload-time = "2025-05-23T12:26:41.075Z" },
    { url = "https://files.pythonhosted.org/packages/89/63/e5adf350c1c3123d4865c013f164c5265512fa79f09ad464fb2fdf9f9e61/pyqt6_sip-13.10.2-cp313-cp313-win_amd64.whl", hash = "sha256:0b097eb58b4df936c4a2a88a2f367c8bb5c20ff049a45a7917ad75d698e3b277", size = 53527, upload-time = "2025-05-23T12:26:42.625Z" },
    { url = "https://files.pythonhosted.org/packages/58/74/2df4195306d050fbf4963fb5636108a66e5afa6dc05fd9e81e51ec96c384/pyqt6_sip-13.10.2-cp313-cp313-win_arm64.whl", hash = "sha256:cc6a1dfdf324efaac6e7b890a608385205e652845c62130de919fd73a6326244", size = 45373, upload-time = "2025-05-23T12:26:43.536Z" },
]

[[package]]
name = "python-dotenv"
version = "1.0.1"
source = { registry = "https://pypi.org/simple" }
sdist = { url = "https://files.pythonhosted.org/packages/bc/57/e84d88dfe0aec03b7a2d4327012c1627ab5f03652216c63d49846d7a6c58/python-dotenv-1.0.1.tar.gz", hash = "sha256:e324ee90a023d808f1959c46bcbc04446a10ced277783dc6ee09987c37ec10ca", size = 39115, upload-time = "2024-01-23T06:33:00.505Z" }
wheels = [
    { url = "https://files.pythonhosted.org/packages/6a/3e/b68c118422ec867fa7ab88444e1274aa40681c606d59ac27de5a5588f082/python_dotenv-1.0.1-py3-none-any.whl", hash = "sha256:f7b63ef50f1b690dddf550d03497b66d609393b40b564ed0d674909a68ebf16a", size = 19863, upload-time = "2024-01-23T06:32:58.246Z" },
]

[[package]]
name = "tubes3-lo-siento"
version = "0.1.0"
source = { virtual = "." }
dependencies = [
    { name = "mysql-connector-python" },
    { name = "pymupdf" },
    { name = "pyqt6" },
    { name = "python-dotenv" },
]

[package.metadata]
requires-dist = [
    { name = "mysql-connector-python", specifier = "==9.3.0" },
    { name = "pymupdf", specifier = "==1.24.2" },
    { name = "pyqt6", specifier = "==6.9.0" },
    { name = "python-dotenv", specifier = "==1.0.1" },
]
